
Microsoft Visual Studio Solution File, Format Version 12.00
# Visual Studio Version 17
VisualStudioVersion = 17.11.35327.3
MinimumVisualStudioVersion = 10.0.40219.1
Project("{FAE04EC0-301F-11D3-BF4B-00C04F79EFBC}") = "PatikaLibrary", "PatikaLibrary\PatikaLibrary.csproj", "{0FC91672-1DF2-4D4C-A3BF-7E874CC407CC}"
EndProject
Global
	GlobalSection(SolutionConfigurationPlatforms) = preSolution
		Debug|Any CPU = Debug|Any CPU
		Release|Any CPU = Release|Any CPU
	EndGlobalSection
	GlobalSection(ProjectConfigurationPlatforms) = postSolution
		{0FC91672-1DF2-4D4C-A3BF-7E874CC407CC}.Debug|Any CPU.ActiveCfg = Debug|Any CPU
		{0FC91672-1DF2-4D4C-A3BF-7E874CC407CC}.Debug|Any CPU.Build.0 = Debug|Any CPU
		{0FC91672-1DF2-4D4C-A3BF-7E874CC407CC}.Release|Any CPU.ActiveCfg = Release|Any CPU
		{0FC91672-1DF2-4D4C-A3BF-7E874CC407CC}.Release|Any CPU.Build.0 = Release|Any CPU
	EndGlobalSection
	GlobalSection(SolutionProperties) = preSolution
		HideSolutionNode = FALSE
	EndGlobalSection
	GlobalSection(ExtensibilityGlobals) = postSolution
		SolutionGuid = {0CE6EF55-F38B-4EC9-9982-57C7A0761E6F}
	EndGlobalSection
EndGlobal
